
Microsoft Visual Studio Solution File, Format Version 12.00
# Visual Studio Version 17
VisualStudioVersion = 17.0.31903.59
MinimumVisualStudioVersion = 10.0.40219.1
Project("{2150E333-8FDC-42A3-9474-1A3956D46DE8}") = "src", "src", "{827E0CD3-B72D-47B6-A68D-7590B98EB39B}"
EndProject
Project("{FAE04EC0-301F-11D3-BF4B-00C04F79EFBC}") = "API", "src\API\API.csproj", "{F5DE8D2E-A47E-4A6A-8DA6-3A19A5F3C9BB}"
EndProject
Project("{FAE04EC0-301F-11D3-BF4B-00C04F79EFBC}") = "Application", "src\Application\Application.csproj", "{30E2EDB2-1327-4A7A-B758-32A4AF96EDC9}"
EndProject
Project("{FAE04EC0-301F-11D3-BF4B-00C04F79EFBC}") = "Core", "src\Core\Core.csproj", "{773F768C-4A09-44CB-99F5-43E4AB976459}"
EndProject
Project("{FAE04EC0-301F-11D3-BF4B-00C04F79EFBC}") = "Infrastructure", "src\Infrastructure\Infrastructure.csproj", "{A3819EC0-0CCF-4A0F-8FA7-6D527680F270}"
EndProject
Global
	GlobalSection(SolutionConfigurationPlatforms) = preSolution
		Debug|Any CPU = Debug|Any CPU
		Debug|x64 = Debug|x64
		Debug|x86 = Debug|x86
		Release|Any CPU = Release|Any CPU
		Release|x64 = Release|x64
		Release|x86 = Release|x86
	EndGlobalSection
	GlobalSection(ProjectConfigurationPlatforms) = postSolution
		{F5DE8D2E-A47E-4A6A-8DA6-3A19A5F3C9BB}.Debug|Any CPU.ActiveCfg = Debug|Any CPU
		{F5DE8D2E-A47E-4A6A-8DA6-3A19A5F3C9BB}.Debug|Any CPU.Build.0 = Debug|Any CPU
		{F5DE8D2E-A47E-4A6A-8DA6-3A19A5F3C9BB}.Debug|x64.ActiveCfg = Debug|Any CPU
		{F5DE8D2E-A47E-4A6A-8DA6-3A19A5F3C9BB}.Debug|x64.Build.0 = Debug|Any CPU
		{F5DE8D2E-A47E-4A6A-8DA6-3A19A5F3C9BB}.Debug|x86.ActiveCfg = Debug|Any CPU
		{F5DE8D2E-A47E-4A6A-8DA6-3A19A5F3C9BB}.Debug|x86.Build.0 = Debug|Any CPU
		{F5DE8D2E-A47E-4A6A-8DA6-3A19A5F3C9BB}.Release|Any CPU.ActiveCfg = Release|Any CPU
		{F5DE8D2E-A47E-4A6A-8DA6-3A19A5F3C9BB}.Release|Any CPU.Build.0 = Release|Any CPU
		{F5DE8D2E-A47E-4A6A-8DA6-3A19A5F3C9BB}.Release|x64.ActiveCfg = Release|Any CPU
		{F5DE8D2E-A47E-4A6A-8DA6-3A19A5F3C9BB}.Release|x64.Build.0 = Release|Any CPU
		{F5DE8D2E-A47E-4A6A-8DA6-3A19A5F3C9BB}.Release|x86.ActiveCfg = Release|Any CPU
		{F5DE8D2E-A47E-4A6A-8DA6-3A19A5F3C9BB}.Release|x86.Build.0 = Release|Any CPU
		{30E2EDB2-1327-4A7A-B758-32A4AF96EDC9}.Debug|Any CPU.ActiveCfg = Debug|Any CPU
		{30E2EDB2-1327-4A7A-B758-32A4AF96EDC9}.Debug|Any CPU.Build.0 = Debug|Any CPU
		{30E2EDB2-1327-4A7A-B758-32A4AF96EDC9}.Debug|x64.ActiveCfg = Debug|Any CPU
		{30E2EDB2-1327-4A7A-B758-32A4AF96EDC9}.Debug|x64.Build.0 = Debug|Any CPU
		{30E2EDB2-1327-4A7A-B758-32A4AF96EDC9}.Debug|x86.ActiveCfg = Debug|Any CPU
		{30E2EDB2-1327-4A7A-B758-32A4AF96EDC9}.Debug|x86.Build.0 = Debug|Any CPU
		{30E2EDB2-1327-4A7A-B758-32A4AF96EDC9}.Release|Any CPU.ActiveCfg = Release|Any CPU
		{30E2EDB2-1327-4A7A-B758-32A4AF96EDC9}.Release|Any CPU.Build.0 = Release|Any CPU
		{30E2EDB2-1327-4A7A-B758-32A4AF96EDC9}.Release|x64.ActiveCfg = Release|Any CPU
		{30E2EDB2-1327-4A7A-B758-32A4AF96EDC9}.Release|x64.Build.0 = Release|Any CPU
		{30E2EDB2-1327-4A7A-B758-32A4AF96EDC9}.Release|x86.ActiveCfg = Release|Any CPU
		{30E2EDB2-1327-4A7A-B758-32A4AF96EDC9}.Release|x86.Build.0 = Release|Any CPU
		{773F768C-4A09-44CB-99F5-43E4AB976459}.Debug|Any CPU.ActiveCfg = Debug|Any CPU
		{773F768C-4A09-44CB-99F5-43E4AB976459}.Debug|Any CPU.Build.0 = Debug|Any CPU
		{773F768C-4A09-44CB-99F5-43E4AB976459}.Debug|x64.ActiveCfg = Debug|Any CPU
		{773F768C-4A09-44CB-99F5-43E4AB976459}.Debug|x64.Build.0 = Debug|Any CPU
		{773F768C-4A09-44CB-99F5-43E4AB976459}.Debug|x86.ActiveCfg = Debug|Any CPU
		{773F768C-4A09-44CB-99F5-43E4AB976459}.Debug|x86.Build.0 = Debug|Any CPU
		{773F768C-4A09-44CB-99F5-43E4AB976459}.Release|Any CPU.ActiveCfg = Release|Any CPU
		{773F768C-4A09-44CB-99F5-43E4AB976459}.Release|Any CPU.Build.0 = Release|Any CPU
		{773F768C-4A09-44CB-99F5-43E4AB976459}.Release|x64.ActiveCfg = Release|Any CPU
		{773F768C-4A09-44CB-99F5-43E4AB976459}.Release|x64.Build.0 = Release|Any CPU
		{773F768C-4A09-44CB-99F5-43E4AB976459}.Release|x86.ActiveCfg = Release|Any CPU
		{773F768C-4A09-44CB-99F5-43E4AB976459}.Release|x86.Build.0 = Release|Any CPU
		{A3819EC0-0CCF-4A0F-8FA7-6D527680F270}.Debug|Any CPU.ActiveCfg = Debug|Any CPU
		{A3819EC0-0CCF-4A0F-8FA7-6D527680F270}.Debug|Any CPU.Build.0 = Debug|Any CPU
		{A3819EC0-0CCF-4A0F-8FA7-6D527680F270}.Debug|x64.ActiveCfg = Debug|Any CPU
		{A3819EC0-0CCF-4A0F-8FA7-6D527680F270}.Debug|x64.Build.0 = Debug|Any CPU
		{A3819EC0-0CCF-4A0F-8FA7-6D527680F270}.Debug|x86.ActiveCfg = Debug|Any CPU
		{A3819EC0-0CCF-4A0F-8FA7-6D527680F270}.Debug|x86.Build.0 = Debug|Any CPU
		{A3819EC0-0CCF-4A0F-8FA7-6D527680F270}.Release|Any CPU.ActiveCfg = Release|Any CPU
		{A3819EC0-0CCF-4A0F-8FA7-6D527680F270}.Release|Any CPU.Build.0 = Release|Any CPU
		{A3819EC0-0CCF-4A0F-8FA7-6D527680F270}.Release|x64.ActiveCfg = Release|Any CPU
		{A3819EC0-0CCF-4A0F-8FA7-6D527680F270}.Release|x64.Build.0 = Release|Any CPU
		{A3819EC0-0CCF-4A0F-8FA7-6D527680F270}.Release|x86.ActiveCfg = Release|Any CPU
		{A3819EC0-0CCF-4A0F-8FA7-6D527680F270}.Release|x86.Build.0 = Release|Any CPU
	EndGlobalSection
	GlobalSection(SolutionProperties) = preSolution
		HideSolutionNode = FALSE
	EndGlobalSection
	GlobalSection(NestedProjects) = preSolution
		{F5DE8D2E-A47E-4A6A-8DA6-3A19A5F3C9BB} = {827E0CD3-B72D-47B6-A68D-7590B98EB39B}
		{30E2EDB2-1327-4A7A-B758-32A4AF96EDC9} = {827E0CD3-B72D-47B6-A68D-7590B98EB39B}
		{773F768C-4A09-44CB-99F5-43E4AB976459} = {827E0CD3-B72D-47B6-A68D-7590B98EB39B}
		{A3819EC0-0CCF-4A0F-8FA7-6D527680F270} = {827E0CD3-B72D-47B6-A68D-7590B98EB39B}
	EndGlobalSection
EndGlobal
